
Microsoft Visual Studio Solution File, Format Version 12.00
# Visual Studio Version 16
VisualStudioVersion = 16.0.31129.286
MinimumVisualStudioVersion = 10.0.40219.1
Project("{FAE04EC0-301F-11D3-BF4B-00C04F79EFBC}") = "Prueba_Api", "Prueba_Api\Prueba_Api.csproj", "{6C1D49B7-2C35-452E-8331-615C764E9EBF}"
EndProject
Global
	GlobalSection(SolutionConfigurationPlatforms) = preSolution
		Debug|Any CPU = Debug|Any CPU
		Release|Any CPU = Release|Any CPU
	EndGlobalSection
	GlobalSection(ProjectConfigurationPlatforms) = postSolution
		{6C1D49B7-2C35-452E-8331-615C764E9EBF}.Debug|Any CPU.ActiveCfg = Debug|Any CPU
		{6C1D49B7-2C35-452E-8331-615C764E9EBF}.Debug|Any CPU.Build.0 = Debug|Any CPU
		{6C1D49B7-2C35-452E-8331-615C764E9EBF}.Release|Any CPU.ActiveCfg = Release|Any CPU
		{6C1D49B7-2C35-452E-8331-615C764E9EBF}.Release|Any CPU.Build.0 = Release|Any CPU
	EndGlobalSection
	GlobalSection(SolutionProperties) = preSolution
		HideSolutionNode = FALSE
	EndGlobalSection
	GlobalSection(ExtensibilityGlobals) = postSolution
		SolutionGuid = {1346EFFD-3A66-4F81-AF81-79FF780232B4}
	EndGlobalSection
EndGlobal
